
Microsoft Visual Studio Solution File, Format Version 12.00
# Visual Studio Version 16
VisualStudioVersion = 16.0.28803.156
MinimumVisualStudioVersion = 10.0.40219.1
Project("{FAE04EC0-301F-11D3-BF4B-00C04F79EFBC}") = "View", "View\View.csproj", "{C9A5B4FF-91A3-43FF-B410-00C7E1BBA6EE}"
EndProject
Project("{FAE04EC0-301F-11D3-BF4B-00C04F79EFBC}") = "Data", "Data\Data.csproj", "{2EA89AF1-2A30-496E-8429-E218874676CF}"
EndProject
Project("{FAE04EC0-301F-11D3-BF4B-00C04F79EFBC}") = "DataSpecs", "Tests\DataSpecs.csproj", "{9E9DDE0C-BB4F-406E-97B6-03AE7E8B6E5D}"
EndProject
Project("{FAE04EC0-301F-11D3-BF4B-00C04F79EFBC}") = "Fuzzy", "Fuzzy\Fuzzy.csproj", "{23494208-2C84-4F56-B9A1-321899CD74E2}"
EndProject
Project("{FAE04EC0-301F-11D3-BF4B-00C04F79EFBC}") = "FuzzySpecs", "FuzzySpecs\FuzzySpecs.csproj", "{9C908757-FF34-4CDF-9E1F-B0E4A4F27A13}"
EndProject
Project("{FAE04EC0-301F-11D3-BF4B-00C04F79EFBC}") = "Serialization", "Serialization\Serialization.csproj", "{8E72E37E-94DB-4A4D-9BE5-12D22E89E5A7}"
EndProject
Global
	GlobalSection(SolutionConfigurationPlatforms) = preSolution
		Debug|Any CPU = Debug|Any CPU
		Release|Any CPU = Release|Any CPU
	EndGlobalSection
	GlobalSection(ProjectConfigurationPlatforms) = postSolution
		{C9A5B4FF-91A3-43FF-B410-00C7E1BBA6EE}.Debug|Any CPU.ActiveCfg = Debug|Any CPU
		{C9A5B4FF-91A3-43FF-B410-00C7E1BBA6EE}.Debug|Any CPU.Build.0 = Debug|Any CPU
		{C9A5B4FF-91A3-43FF-B410-00C7E1BBA6EE}.Release|Any CPU.ActiveCfg = Release|Any CPU
		{C9A5B4FF-91A3-43FF-B410-00C7E1BBA6EE}.Release|Any CPU.Build.0 = Release|Any CPU
		{2EA89AF1-2A30-496E-8429-E218874676CF}.Debug|Any CPU.ActiveCfg = Debug|Any CPU
		{2EA89AF1-2A30-496E-8429-E218874676CF}.Debug|Any CPU.Build.0 = Debug|Any CPU
		{2EA89AF1-2A30-496E-8429-E218874676CF}.Release|Any CPU.ActiveCfg = Release|Any CPU
		{2EA89AF1-2A30-496E-8429-E218874676CF}.Release|Any CPU.Build.0 = Release|Any CPU
		{9E9DDE0C-BB4F-406E-97B6-03AE7E8B6E5D}.Debug|Any CPU.ActiveCfg = Debug|Any CPU
		{9E9DDE0C-BB4F-406E-97B6-03AE7E8B6E5D}.Debug|Any CPU.Build.0 = Debug|Any CPU
		{9E9DDE0C-BB4F-406E-97B6-03AE7E8B6E5D}.Release|Any CPU.ActiveCfg = Release|Any CPU
		{9E9DDE0C-BB4F-406E-97B6-03AE7E8B6E5D}.Release|Any CPU.Build.0 = Release|Any CPU
		{23494208-2C84-4F56-B9A1-321899CD74E2}.Debug|Any CPU.ActiveCfg = Debug|Any CPU
		{23494208-2C84-4F56-B9A1-321899CD74E2}.Debug|Any CPU.Build.0 = Debug|Any CPU
		{23494208-2C84-4F56-B9A1-321899CD74E2}.Release|Any CPU.ActiveCfg = Release|Any CPU
		{23494208-2C84-4F56-B9A1-321899CD74E2}.Release|Any CPU.Build.0 = Release|Any CPU
		{9C908757-FF34-4CDF-9E1F-B0E4A4F27A13}.Debug|Any CPU.ActiveCfg = Debug|Any CPU
		{9C908757-FF34-4CDF-9E1F-B0E4A4F27A13}.Debug|Any CPU.Build.0 = Debug|Any CPU
		{9C908757-FF34-4CDF-9E1F-B0E4A4F27A13}.Release|Any CPU.ActiveCfg = Release|Any CPU
		{9C908757-FF34-4CDF-9E1F-B0E4A4F27A13}.Release|Any CPU.Build.0 = Release|Any CPU
		{8E72E37E-94DB-4A4D-9BE5-12D22E89E5A7}.Debug|Any CPU.ActiveCfg = Debug|Any CPU
		{8E72E37E-94DB-4A4D-9BE5-12D22E89E5A7}.Debug|Any CPU.Build.0 = Debug|Any CPU
		{8E72E37E-94DB-4A4D-9BE5-12D22E89E5A7}.Release|Any CPU.ActiveCfg = Release|Any CPU
		{8E72E37E-94DB-4A4D-9BE5-12D22E89E5A7}.Release|Any CPU.Build.0 = Release|Any CPU
	EndGlobalSection
	GlobalSection(SolutionProperties) = preSolution
		HideSolutionNode = FALSE
	EndGlobalSection
	GlobalSection(ExtensibilityGlobals) = postSolution
		SolutionGuid = {27C42BCE-7871-4A33-9BE8-90E1CDB2E616}
	EndGlobalSection
EndGlobal
